
Microsoft Visual Studio Solution File, Format Version 12.00
# Visual Studio Version 17
VisualStudioVersion = 17.14.36414.22 d17.14
MinimumVisualStudioVersion = 10.0.40219.1
Project("{FAE04EC0-301F-11D3-BF4B-00C04F79EFBC}") = "FleetManagementSystem", "FleetManagementSystem\FleetManagementSystem.csproj", "{34A0D84D-453A-4E44-9572-946F5711D72C}"
EndProject
Global
	GlobalSection(SolutionConfigurationPlatforms) = preSolution
		Debug|Any CPU = Debug|Any CPU
		Release|Any CPU = Release|Any CPU
	EndGlobalSection
	GlobalSection(ProjectConfigurationPlatforms) = postSolution
		{34A0D84D-453A-4E44-9572-946F5711D72C}.Debug|Any CPU.ActiveCfg = Debug|Any CPU
		{34A0D84D-453A-4E44-9572-946F5711D72C}.Debug|Any CPU.Build.0 = Debug|Any CPU
		{34A0D84D-453A-4E44-9572-946F5711D72C}.Release|Any CPU.ActiveCfg = Release|Any CPU
		{34A0D84D-453A-4E44-9572-946F5711D72C}.Release|Any CPU.Build.0 = Release|Any CPU
	EndGlobalSection
	GlobalSection(SolutionProperties) = preSolution
		HideSolutionNode = FALSE
	EndGlobalSection
	GlobalSection(ExtensibilityGlobals) = postSolution
		SolutionGuid = {0981CC80-2A0A-4F8A-B961-64B0028B39F9}
	EndGlobalSection
EndGlobal
